# THIS IS AN AUTOGENERATED FILE. DO NOT EDIT THIS FILE DIRECTLY.
# yarn lockfile v1


"@derhuerst/http-basic@^8.2.0":
  version "8.2.4"
  dependencies:
    caseless "^0.12.0"
    concat-stream "^2.0.0"
    http-response-object "^3.0.1"
    parse-cache-control "^1.0.1"

"@distube/ytdl-core@^4.16.4":
  version "4.16.12"
  dependencies:
    http-cookie-agent "^7.0.1"
    https-proxy-agent "^7.0.6"
    m3u8stream "^0.8.6"
    miniget "^4.2.3"
    sax "^1.4.1"
    tough-cookie "^5.1.2"
    undici "^7.8.0"

"@google/generative-ai@^0.24.0":
  version "0.24.1"

"@mongodb-js/saslprep@^1.3.0":
  version "1.4.4"
  dependencies:
    sparse-bitfield "^3.0.3"

"@socket.io/component-emitter@~3.1.0":
  version "3.1.2"

"@types/cors@^2.8.12":
  version "2.8.19"
  dependencies:
    "@types/node" "*"

"@types/node-fetch@^2.6.4":
  version "2.6.13"
  dependencies:
    "@types/node" "*"
    form-data "^4.0.4"

"@types/node@*", "@types/node@>=10.0.0":
  version "25.0.8"
  dependencies:
    undici-types "~7.16.0"

"@types/node@^10.0.3":
  version "10.17.60"

"@types/node@^18.11.18":
  version "18.19.130"
  dependencies:
    undici-types "~5.26.4"

"@types/webidl-conversions@*":
  version "7.0.3"

"@types/whatwg-url@^11.0.2":
  version "11.0.5"
  dependencies:
    "@types/webidl-conversions" "*"

abort-controller@^3.0.0:
  version "3.0.0"
  dependencies:
    event-target-shim "^5.0.0"

accepts@~1.3.4, accepts@~1.3.8:
  version "1.3.8"
  dependencies:
    mime-types "~2.1.34"
    negotiator "0.6.3"

agent-base@^7.1.2, agent-base@^7.1.4:
  version "7.1.4"

agent-base@6:
  version "6.0.2"
  dependencies:
    debug "4"

agentkeepalive@^4.2.1:
  version "4.6.0"
  dependencies:
    humanize-ms "^1.2.1"

append-field@^1.0.0:
  version "1.0.0"

array-flatten@1.1.1:
  version "1.1.1"

assemblyai@^4.9.0:
  version "4.22.1"
  dependencies:
    ws "^8.18.0"

async@^0.2.9:
  version "0.2.10"

asynckit@^0.4.0:
  version "0.4.0"

available-typed-arrays@^1.0.7:
  version "1.0.7"
  dependencies:
    possible-typed-array-names "^1.0.0"

axios-retry@^4.5.0:
  version "4.5.0"
  dependencies:
    is-retry-allowed "^2.2.0"

axios@^1.7.9, "axios@0.x || 1.x":
  version "1.13.2"
  dependencies:
    follow-redirects "^1.15.6"
    form-data "^4.0.4"
    proxy-from-env "^1.1.0"

base64id@~2.0.0, base64id@2.0.0:
  version "2.0.0"

body-parser@~1.20.3:
  version "1.20.4"
  dependencies:
    bytes "~3.1.2"
    content-type "~1.0.5"
    debug "2.6.9"
    depd "2.0.0"
    destroy "~1.2.0"
    http-errors "~2.0.1"
    iconv-lite "~0.4.24"
    on-finished "~2.4.1"
    qs "~6.14.0"
    raw-body "~2.5.3"
    type-is "~1.6.18"
    unpipe "~1.0.0"

bson@^6.10.4:
  version "6.10.4"

buffer-equal-constant-time@^1.0.1:
  version "1.0.1"

buffer-from@^1.0.0:
  version "1.1.2"

busboy@^1.0.0:
  version "1.6.0"
  dependencies:
    streamsearch "^1.1.0"

bytes@~3.1.2:
  version "3.1.2"

call-bind-apply-helpers@^1.0.0, call-bind-apply-helpers@^1.0.1, call-bind-apply-helpers@^1.0.2:
  version "1.0.2"
  dependencies:
    es-errors "^1.3.0"
    function-bind "^1.1.2"

call-bind@^1.0.8:
  version "1.0.8"
  dependencies:
    call-bind-apply-helpers "^1.0.0"
    es-define-property "^1.0.0"
    get-intrinsic "^1.2.4"
    set-function-length "^1.2.2"

call-bound@^1.0.2, call-bound@^1.0.4:
  version "1.0.4"
  dependencies:
    call-bind-apply-helpers "^1.0.2"
    get-intrinsic "^1.3.0"

caseless@^0.12.0:
  version "0.12.0"

cloudinary-core@^2.13.0:
  version "2.14.0"

cloudinary@^1.21.0, cloudinary@^1.41.3:
  version "1.41.3"
  dependencies:
    cloudinary-core "^2.13.0"
    core-js "^3.30.1"
    lodash "^4.17.21"
    q "^1.5.1"

combined-stream@^1.0.8:
  version "1.0.8"
  dependencies:
    delayed-stream "~1.0.0"

component-emitter@^2.0.0:
  version "2.0.0"

concat-stream@^1.5.2:
  version "1.6.2"
  dependencies:
    buffer-from "^1.0.0"
    inherits "^2.0.3"
    readable-stream "^2.2.2"
    typedarray "^0.0.6"

concat-stream@^2.0.0:
  version "2.0.0"
  dependencies:
    buffer-from "^1.0.0"
    inherits "^2.0.3"
    readable-stream "^3.0.2"
    typedarray "^0.0.6"

content-disposition@~0.5.4:
  version "0.5.4"
  dependencies:
    safe-buffer "5.2.1"

content-type@~1.0.4, content-type@~1.0.5:
  version "1.0.5"

cookie-signature@~1.0.6:
  version "1.0.7"

cookie@~0.7.1, cookie@~0.7.2:
  version "0.7.2"

core-js@^3.30.1:
  version "3.47.0"

core-util-is@~1.0.0:
  version "1.0.3"

cors@^2.8.5, cors@~2.8.5:
  version "2.8.5"
  dependencies:
    object-assign "^4"
    vary "^1"

date-fns@^4.1.0:
  version "4.1.0"

debug@~4.4.1, debug@4, debug@4.x:
  version "4.4.3"
  dependencies:
    ms "^2.1.3"

debug@2.6.9:
  version "2.6.9"
  dependencies:
    ms "2.0.0"

define-data-property@^1.1.4:
  version "1.1.4"
  dependencies:
    es-define-property "^1.0.0"
    es-errors "^1.3.0"
    gopd "^1.0.1"

delayed-stream@~1.0.0:
  version "1.0.0"

depd@~2.0.0, depd@2.0.0:
  version "2.0.0"

destroy@~1.2.0, destroy@1.2.0:
  version "1.2.0"

dotenv@^16.4.7:
  version "16.6.1"

dunder-proto@^1.0.1:
  version "1.0.1"
  dependencies:
    call-bind-apply-helpers "^1.0.1"
    es-errors "^1.3.0"
    gopd "^1.2.0"

ecdsa-sig-formatter@1.0.11:
  version "1.0.11"
  dependencies:
    safe-buffer "^5.0.1"

ee-first@1.1.1:
  version "1.1.1"

encodeurl@~2.0.0:
  version "2.0.0"

engine.io-parser@~5.2.1:
  version "5.2.3"

engine.io@~6.6.0:
  version "6.6.5"
  dependencies:
    "@types/cors" "^2.8.12"
    "@types/node" ">=10.0.0"
    accepts "~1.3.4"
    base64id "2.0.0"
    cookie "~0.7.2"
    cors "~2.8.5"
    debug "~4.4.1"
    engine.io-parser "~5.2.1"
    ws "~8.18.3"

env-paths@^2.2.0:
  version "2.2.1"

es-define-property@^1.0.0, es-define-property@^1.0.1:
  version "1.0.1"

es-errors@^1.3.0:
  version "1.3.0"

es-object-atoms@^1.0.0, es-object-atoms@^1.1.1:
  version "1.1.1"
  dependencies:
    es-errors "^1.3.0"

es-set-tostringtag@^2.1.0:
  version "2.1.0"
  dependencies:
    es-errors "^1.3.0"
    get-intrinsic "^1.2.6"
    has-tostringtag "^1.0.2"
    hasown "^2.0.2"

escape-html@~1.0.3:
  version "1.0.3"

etag@~1.8.1:
  version "1.8.1"

event-target-shim@^5.0.0:
  version "5.0.1"

express@^4.21.2:
  version "4.22.1"
  dependencies:
    accepts "~1.3.8"
    array-flatten "1.1.1"
    body-parser "~1.20.3"
    content-disposition "~0.5.4"
    content-type "~1.0.4"
    cookie "~0.7.1"
    cookie-signature "~1.0.6"
    debug "2.6.9"
    depd "2.0.0"
    encodeurl "~2.0.0"
    escape-html "~1.0.3"
    etag "~1.8.1"
    finalhandler "~1.3.1"
    fresh "~0.5.2"
    http-errors "~2.0.0"
    merge-descriptors "1.0.3"
    methods "~1.1.2"
    on-finished "~2.4.1"
    parseurl "~1.3.3"
    path-to-regexp "~0.1.12"
    proxy-addr "~2.0.7"
    qs "~6.14.0"
    range-parser "~1.2.1"
    safe-buffer "5.2.1"
    send "~0.19.0"
    serve-static "~1.16.2"
    setprototypeof "1.2.0"
    statuses "~2.0.1"
    type-is "~1.6.18"
    utils-merge "1.0.1"
    vary "~1.1.2"

ffmpeg-static@^5.2.0:
  version "5.3.0"
  dependencies:
    "@derhuerst/http-basic" "^8.2.0"
    env-paths "^2.2.0"
    https-proxy-agent "^5.0.0"
    progress "^2.0.3"

finalhandler@~1.3.1:
  version "1.3.2"
  dependencies:
    debug "2.6.9"
    encodeurl "~2.0.0"
    escape-html "~1.0.3"
    on-finished "~2.4.1"
    parseurl "~1.3.3"
    statuses "~2.0.2"
    unpipe "~1.0.0"

fluent-ffmpeg@^2.1.3:
  version "2.1.3"
  dependencies:
    async "^0.2.9"
    which "^1.1.1"

follow-redirects@^1.15.6:
  version "1.15.11"

for-each@^0.3.5:
  version "0.3.5"
  dependencies:
    is-callable "^1.2.7"

form-data-encoder@1.7.2:
  version "1.7.2"

form-data@^4.0.2, form-data@^4.0.4:
  version "4.0.5"
  dependencies:
    asynckit "^0.4.0"
    combined-stream "^1.0.8"
    es-set-tostringtag "^2.1.0"
    hasown "^2.0.2"
    mime-types "^2.1.12"

formdata-node@^4.3.2:
  version "4.4.1"
  dependencies:
    node-domexception "1.0.0"
    web-streams-polyfill "4.0.0-beta.3"

forwarded@0.2.0:
  version "0.2.0"

fresh@~0.5.2:
  version "0.5.2"

fs@^0.0.1-security:
  version "0.0.1-security"

function-bind@^1.1.2:
  version "1.1.2"

generator-function@^2.0.0:
  version "2.0.1"

get-intrinsic@^1.2.4, get-intrinsic@^1.2.5, get-intrinsic@^1.2.6, get-intrinsic@^1.3.0:
  version "1.3.0"
  dependencies:
    call-bind-apply-helpers "^1.0.2"
    es-define-property "^1.0.1"
    es-errors "^1.3.0"
    es-object-atoms "^1.1.1"
    function-bind "^1.1.2"
    get-proto "^1.0.1"
    gopd "^1.2.0"
    has-symbols "^1.1.0"
    hasown "^2.0.2"
    math-intrinsics "^1.1.0"

get-proto@^1.0.1:
  version "1.0.1"
  dependencies:
    dunder-proto "^1.0.1"
    es-object-atoms "^1.0.0"

gopd@^1.0.1, gopd@^1.2.0:
  version "1.2.0"

has-property-descriptors@^1.0.2:
  version "1.0.2"
  dependencies:
    es-define-property "^1.0.0"

has-symbols@^1.0.3, has-symbols@^1.1.0:
  version "1.1.0"

has-tostringtag@^1.0.2:
  version "1.0.2"
  dependencies:
    has-symbols "^1.0.3"

hasown@^2.0.2:
  version "2.0.2"
  dependencies:
    function-bind "^1.1.2"

http-cookie-agent@^7.0.1:
  version "7.0.3"
  dependencies:
    agent-base "^7.1.4"

http-errors@~2.0.0, http-errors@~2.0.1:
  version "2.0.1"
  dependencies:
    depd "~2.0.0"
    inherits "~2.0.4"
    setprototypeof "~1.2.0"
    statuses "~2.0.2"
    toidentifier "~1.0.1"

http-response-object@^3.0.1:
  version "3.0.2"
  dependencies:
    "@types/node" "^10.0.3"

http@^0.0.1-security:
  version "0.0.1-security"

https-proxy-agent@^5.0.0:
  version "5.0.1"
  dependencies:
    agent-base "6"
    debug "4"

https-proxy-agent@^7.0.6:
  version "7.0.6"
  dependencies:
    agent-base "^7.1.2"
    debug "4"

https@^1.0.0:
  version "1.0.0"

humanize-ms@^1.2.1:
  version "1.2.1"
  dependencies:
    ms "^2.0.0"

iconv-lite@~0.4.24:
  version "0.4.24"
  dependencies:
    safer-buffer ">= 2.1.2 < 3"

inherits@^2.0.3, inherits@~2.0.3, inherits@~2.0.4:
  version "2.0.4"

inherits@2.0.3:
  version "2.0.3"

ipaddr.js@1.9.1:
  version "1.9.1"

is-arguments@^1.0.4:
  version "1.2.0"
  dependencies:
    call-bound "^1.0.2"
    has-tostringtag "^1.0.2"

is-callable@^1.2.7:
  version "1.2.7"

is-generator-function@^1.0.7:
  version "1.1.2"
  dependencies:
    call-bound "^1.0.4"
    generator-function "^2.0.0"
    get-proto "^1.0.1"
    has-tostringtag "^1.0.2"
    safe-regex-test "^1.1.0"

is-regex@^1.2.1:
  version "1.2.1"
  dependencies:
    call-bound "^1.0.2"
    gopd "^1.2.0"
    has-tostringtag "^1.0.2"
    hasown "^2.0.2"

is-retry-allowed@^2.2.0:
  version "2.2.0"

is-typed-array@^1.1.3:
  version "1.1.15"
  dependencies:
    which-typed-array "^1.1.16"

isarray@~1.0.0:
  version "1.0.0"

isexe@^2.0.0:
  version "2.0.0"

jsonwebtoken@^9.0.2:
  version "9.0.3"
  dependencies:
    jws "^4.0.1"
    lodash.includes "^4.3.0"
    lodash.isboolean "^3.0.3"
    lodash.isinteger "^4.0.4"
    lodash.isnumber "^3.0.3"
    lodash.isplainobject "^4.0.6"
    lodash.isstring "^4.0.1"
    lodash.once "^4.0.0"
    ms "^2.1.1"
    semver "^7.5.4"

jwa@^2.0.1:
  version "2.0.1"
  dependencies:
    buffer-equal-constant-time "^1.0.1"
    ecdsa-sig-formatter "1.0.11"
    safe-buffer "^5.0.1"

jws@^4.0.1:
  version "4.0.1"
  dependencies:
    jwa "^2.0.1"
    safe-buffer "^5.0.1"

kareem@2.6.3:
  version "2.6.3"

lodash.includes@^4.3.0:
  version "4.3.0"

lodash.isboolean@^3.0.3:
  version "3.0.3"

lodash.isinteger@^4.0.4:
  version "4.0.4"

lodash.isnumber@^3.0.3:
  version "3.0.3"

lodash.isplainobject@^4.0.6:
  version "4.0.6"

lodash.isstring@^4.0.1:
  version "4.0.1"

lodash.once@^4.0.0:
  version "4.1.1"

lodash@^4.17.21, lodash@>=4.0:
  version "4.17.21"

m3u8stream@^0.8.6:
  version "0.8.6"
  dependencies:
    miniget "^4.2.2"
    sax "^1.2.4"

math-intrinsics@^1.1.0:
  version "1.1.0"

media-typer@0.3.0:
  version "0.3.0"

memory-pager@^1.0.2:
  version "1.5.0"

merge-descriptors@1.0.3:
  version "1.0.3"

methods@~1.1.2:
  version "1.1.2"

mime-db@1.52.0:
  version "1.52.0"

mime-types@^2.1.12, mime-types@~2.1.24, mime-types@~2.1.34:
  version "2.1.35"
  dependencies:
    mime-db "1.52.0"

mime@1.6.0:
  version "1.6.0"

miniget@^4.2.2, miniget@^4.2.3:
  version "4.2.3"

minimist@^1.2.6:
  version "1.2.8"

mkdirp@^0.5.4:
  version "0.5.6"
  dependencies:
    minimist "^1.2.6"

mongodb-connection-string-url@^3.0.2:
  version "3.0.2"
  dependencies:
    "@types/whatwg-url" "^11.0.2"
    whatwg-url "^14.1.0 || ^13.0.0"

mongodb@~6.20.0:
  version "6.20.0"
  dependencies:
    "@mongodb-js/saslprep" "^1.3.0"
    bson "^6.10.4"
    mongodb-connection-string-url "^3.0.2"

mongoose@^8.10.1:
  version "8.21.0"
  dependencies:
    bson "^6.10.4"
    kareem "2.6.3"
    mongodb "~6.20.0"
    mpath "0.9.0"
    mquery "5.0.0"
    ms "2.1.3"
    sift "17.1.3"

mpath@0.9.0:
  version "0.9.0"

mquery@5.0.0:
  version "5.0.0"
  dependencies:
    debug "4.x"

ms@^2.0.0, ms@^2.1.1, ms@^2.1.3, ms@2.1.3:
  version "2.1.3"

ms@2.0.0:
  version "2.0.0"

multer-storage-cloudinary@^4.0.0:
  version "4.0.0"

multer@^1.4.5-lts.1:
  version "1.4.5-lts.2"
  dependencies:
    append-field "^1.0.0"
    busboy "^1.0.0"
    concat-stream "^1.5.2"
    mkdirp "^0.5.4"
    object-assign "^4.1.1"
    type-is "^1.6.4"
    xtend "^4.0.0"

negotiator@0.6.3:
  version "0.6.3"

node-domexception@1.0.0:
  version "1.0.0"

node-fetch@^2.6.7:
  version "2.7.0"
  dependencies:
    whatwg-url "^5.0.0"

nodemailer@^6.10.0:
  version "6.10.1"

object-assign@^4, object-assign@^4.1.1:
  version "4.1.1"

object-inspect@^1.13.3:
  version "1.13.4"

on-finished@~2.4.1:
  version "2.4.1"
  dependencies:
    ee-first "1.1.1"

openai@^4.85.3:
  version "4.104.0"
  dependencies:
    "@types/node" "^18.11.18"
    "@types/node-fetch" "^2.6.4"
    abort-controller "^3.0.0"
    agentkeepalive "^4.2.1"
    form-data-encoder "1.7.2"
    formdata-node "^4.3.2"
    node-fetch "^2.6.7"

parse-cache-control@^1.0.1:
  version "1.0.1"

parseurl@~1.3.3:
  version "1.3.3"

path-to-regexp@~0.1.12:
  version "0.1.12"

path@^0.12.7:
  version "0.12.7"
  dependencies:
    process "^0.11.1"
    util "^0.10.3"

possible-typed-array-names@^1.0.0:
  version "1.1.0"

process-nextick-args@~2.0.0:
  version "2.0.1"

process@^0.11.1:
  version "0.11.10"

progress@^2.0.3:
  version "2.0.3"

proxy-addr@~2.0.7:
  version "2.0.7"
  dependencies:
    forwarded "0.2.0"
    ipaddr.js "1.9.1"

proxy-from-env@^1.1.0:
  version "1.1.0"

punycode@^2.3.1:
  version "2.3.1"

q@^1.5.1:
  version "1.5.1"

qs@~6.14.0:
  version "6.14.1"
  dependencies:
    side-channel "^1.1.0"

range-parser@~1.2.1:
  version "1.2.1"

raw-body@~2.5.3:
  version "2.5.3"
  dependencies:
    bytes "~3.1.2"
    http-errors "~2.0.1"
    iconv-lite "~0.4.24"
    unpipe "~1.0.0"

readable-stream@^2.2.2:
  version "2.3.8"
  dependencies:
    core-util-is "~1.0.0"
    inherits "~2.0.3"
    isarray "~1.0.0"
    process-nextick-args "~2.0.0"
    safe-buffer "~5.1.1"
    string_decoder "~1.1.1"
    util-deprecate "~1.0.1"

readable-stream@^3.0.2:
  version "3.6.2"
  dependencies:
    inherits "^2.0.3"
    string_decoder "^1.1.1"
    util-deprecate "^1.0.1"

safe-buffer@^5.0.1, safe-buffer@~5.2.0, safe-buffer@5.2.1:
  version "5.2.1"

safe-buffer@~5.1.0:
  version "5.1.2"

safe-buffer@~5.1.1:
  version "5.1.2"

safe-regex-test@^1.1.0:
  version "1.1.0"
  dependencies:
    call-bound "^1.0.2"
    es-errors "^1.3.0"
    is-regex "^1.2.1"

"safer-buffer@>= 2.1.2 < 3":
  version "2.1.2"

sax@^1.2.4, sax@^1.4.1:
  version "1.4.4"

semver@^7.5.4:
  version "7.7.3"

send@~0.19.0, send@~0.19.1:
  version "0.19.2"
  dependencies:
    debug "2.6.9"
    depd "2.0.0"
    destroy "1.2.0"
    encodeurl "~2.0.0"
    escape-html "~1.0.3"
    etag "~1.8.1"
    fresh "~0.5.2"
    http-errors "~2.0.1"
    mime "1.6.0"
    ms "2.1.3"
    on-finished "~2.4.1"
    range-parser "~1.2.1"
    statuses "~2.0.2"

serve-static@~1.16.2:
  version "1.16.3"
  dependencies:
    encodeurl "~2.0.0"
    escape-html "~1.0.3"
    parseurl "~1.3.3"
    send "~0.19.1"

set-function-length@^1.2.2:
  version "1.2.2"
  dependencies:
    define-data-property "^1.1.4"
    es-errors "^1.3.0"
    function-bind "^1.1.2"
    get-intrinsic "^1.2.4"
    gopd "^1.0.1"
    has-property-descriptors "^1.0.2"

setprototypeof@~1.2.0, setprototypeof@1.2.0:
  version "1.2.0"

side-channel-list@^1.0.0:
  version "1.0.0"
  dependencies:
    es-errors "^1.3.0"
    object-inspect "^1.13.3"

side-channel-map@^1.0.1:
  version "1.0.1"
  dependencies:
    call-bound "^1.0.2"
    es-errors "^1.3.0"
    get-intrinsic "^1.2.5"
    object-inspect "^1.13.3"

side-channel-weakmap@^1.0.2:
  version "1.0.2"
  dependencies:
    call-bound "^1.0.2"
    es-errors "^1.3.0"
    get-intrinsic "^1.2.5"
    object-inspect "^1.13.3"
    side-channel-map "^1.0.1"

side-channel@^1.1.0:
  version "1.1.0"
  dependencies:
    es-errors "^1.3.0"
    object-inspect "^1.13.3"
    side-channel-list "^1.0.0"
    side-channel-map "^1.0.1"
    side-channel-weakmap "^1.0.2"

sift@17.1.3:
  version "17.1.3"

socket.io-adapter@~2.5.2:
  version "2.5.6"
  dependencies:
    debug "~4.4.1"
    ws "~8.18.3"

socket.io-parser@~4.2.4:
  version "4.2.5"
  dependencies:
    "@socket.io/component-emitter" "~3.1.0"
    debug "~4.4.1"

socket.io@^4.8.1:
  version "4.8.3"
  dependencies:
    accepts "~1.3.4"
    base64id "~2.0.0"
    cors "~2.8.5"
    debug "~4.4.1"
    engine.io "~6.6.0"
    socket.io-adapter "~2.5.2"
    socket.io-parser "~4.2.4"

sparse-bitfield@^3.0.3:
  version "3.0.3"
  dependencies:
    memory-pager "^1.0.2"

statuses@~2.0.1, statuses@~2.0.2:
  version "2.0.2"

stream@^0.0.3:
  version "0.0.3"
  dependencies:
    component-emitter "^2.0.0"

streamsearch@^1.1.0:
  version "1.1.0"

string_decoder@^1.1.1:
  version "1.3.0"
  dependencies:
    safe-buffer "~5.2.0"

string_decoder@~1.1.1:
  version "1.1.1"
  dependencies:
    safe-buffer "~5.1.0"

tldts-core@^6.1.86:
  version "6.1.86"

tldts@^6.1.32:
  version "6.1.86"
  dependencies:
    tldts-core "^6.1.86"

toidentifier@~1.0.1:
  version "1.0.1"

"tough-cookie@^4.0.0 || ^5.0.0 || ^6.0.0", tough-cookie@^5.1.2:
  version "5.1.2"
  dependencies:
    tldts "^6.1.32"

tr46@^5.1.0:
  version "5.1.1"
  dependencies:
    punycode "^2.3.1"

tr46@~0.0.3:
  version "0.0.3"

type-is@^1.6.4, type-is@~1.6.18:
  version "1.6.18"
  dependencies:
    media-typer "0.3.0"
    mime-types "~2.1.24"

typedarray@^0.0.6:
  version "0.0.6"

ua-parser-js@^1.0.41:
  version "1.0.41"
  resolved "https://registry.npmjs.org/ua-parser-js/-/ua-parser-js-1.0.41.tgz"
  integrity sha512-LbBDqdIC5s8iROCUjMbW1f5dJQTEFB1+KO9ogbvlb3nm9n4YHa5p4KTvFPWvh2Hs8gZMBuiB1/8+pdfe/tDPug==

undici-types@~5.26.4:
  version "5.26.5"

undici-types@~7.16.0:
  version "7.16.0"

undici@^7.0.0, undici@^7.8.0:
  version "7.18.2"

unpipe@~1.0.0:
  version "1.0.0"

util-deprecate@^1.0.1, util-deprecate@~1.0.1:
  version "1.0.2"

util@^0.10.3:
  version "0.10.4"
  dependencies:
    inherits "2.0.3"

util@^0.12.5:
  version "0.12.5"
  dependencies:
    inherits "^2.0.3"
    is-arguments "^1.0.4"
    is-generator-function "^1.0.7"
    is-typed-array "^1.1.3"
    which-typed-array "^1.1.2"

utils-merge@1.0.1:
  version "1.0.1"

uuid@^11.1.0:
  version "11.1.0"

vary@^1, vary@~1.1.2:
  version "1.1.2"

web-streams-polyfill@4.0.0-beta.3:
  version "4.0.0-beta.3"

webidl-conversions@^3.0.0:
  version "3.0.1"

webidl-conversions@^7.0.0:
  version "7.0.0"

"whatwg-url@^14.1.0 || ^13.0.0":
  version "14.2.0"
  dependencies:
    tr46 "^5.1.0"
    webidl-conversions "^7.0.0"

whatwg-url@^5.0.0:
  version "5.0.0"
  dependencies:
    tr46 "~0.0.3"
    webidl-conversions "^3.0.0"

which-typed-array@^1.1.16, which-typed-array@^1.1.2:
  version "1.1.20"
  dependencies:
    available-typed-arrays "^1.0.7"
    call-bind "^1.0.8"
    call-bound "^1.0.4"
    for-each "^0.3.5"
    get-proto "^1.0.1"
    gopd "^1.2.0"
    has-tostringtag "^1.0.2"

which@^1.1.1:
  version "1.3.1"
  dependencies:
    isexe "^2.0.0"

ws@^8.18.0, ws@~8.18.3:
  version "8.18.3"

xtend@^4.0.0, xtend@^4.0.2:
  version "4.0.2"
